// !$*UTF8*$!
{
	archiveVersion = 1;
	classes = {
	};
	objectVersion = 48;
	objects = {

/* Begin PBXBuildFile section */
		01AB10C91F778D44005C3184 /* AppDelegate.swift in Sources */ = {isa = PBXBuildFile; fileRef = 01AB10C81F778D44005C3184 /* AppDelegate.swift */; };
		01AB10CB1F778D44005C3184 /* ViewController.swift in Sources */ = {isa = PBXBuildFile; fileRef = 01AB10CA1F778D44005C3184 /* ViewController.swift */; };
		01AB10CE1F778D44005C3184 /* Main.storyboard in Resources */ = {isa = PBXBuildFile; fileRef = 01AB10CC1F778D44005C3184 /* Main.storyboard */; };
		01AB10D01F778D44005C3184 /* Assets.xcassets in Resources */ = {isa = PBXBuildFile; fileRef = 01AB10CF1F778D44005C3184 /* Assets.xcassets */; };
		01AB10D31F778D44005C3184 /* LaunchScreen.storyboard in Resources */ = {isa = PBXBuildFile; fileRef = 01AB10D11F778D44005C3184 /* LaunchScreen.storyboard */; };
/* End PBXBuildFile section */

/* Begin PBXFileReference section */
		01AB10C51F778D44005C3184 /* meanmediandetective.app */ = {isa = PBXFileReference; explicitFileType = wrapper.application; includeInIndex = 0; path = meanmediandetective.app; sourceTree = BUILT_PRODUCTS_DIR; };
		01AB10C81F778D44005C3184 /* AppDelegate.swift */ = {isa = PBXFileReference; lastKnownFileType = sourcecode.swift; path = AppDelegate.swift; sourceTree = "<group>"; };
		01AB10CA1F778D44005C3184 /* ViewController.swift */ = {isa = PBXFileReference; lastKnownFileType = sourcecode.swift; path = ViewController.swift; sourceTree = "<group>"; };
		01AB10CD1F778D44005C3184 /* Base */ = {isa = PBXFileReference; lastKnownFileType = file.storyboard; name = Base; path = Base.lproj/Main.storyboard; sourceTree = "<group>"; };
		01AB10CF1F778D44005C3184 /* Assets.xcassets */ = {isa = PBXFileReference; lastKnownFileType = folder.assetcatalog; path = Assets.xcassets; sourceTree = "<group>"; };
		01AB10D21F778D44005C3184 /* Base */ = {isa = PBXFileReference; lastKnownFileType = file.storyboard; name = Base; path = Base.lproj/LaunchScreen.storyboard; sourceTree = "<group>"; };
		01AB10D41F778D44005C3184 /* Info.plist */ = {isa = PBXFileReference; lastKnownFileType = text.plist.xml; path = Info.plist; sourceTree = "<group>"; };
/* End PBXFileReference section */

/* Begin PBXFrameworksBuildPhase section */
		01AB10C21F778D44005C3184 /* Frameworks */ = {
			isa = PBXFrameworksBuildPhase;
			buildActionMask = 2147483647;
			files = (
			);
			runOnlyForDeploymentPostprocessing = 0;
		};
/* End PBXFrameworksBuildPhase section */

/* Begin PBXGroup section */
		01AB10BC1F778D44005C3184 = {
			isa = PBXGroup;
			children = (
				01AB10C71F778D44005C3184 /* meanmediandetective */,
				01AB10C61F778D44005C3184 /* Products */,
			);
			sourceTree = "<group>";
		};
		01AB10C61F778D44005C3184 /* Products */ = {
			isa = PBXGroup;
			children = (
				01AB10C51F778D44005C3184 /* meanmediandetective.app */,
			);
			name = Products;
			sourceTree = "<group>";
		};
		01AB10C71F778D44005C3184 /* meanmediandetective */ = {
			isa = PBXGroup;
			children = (
				01AB10C81F778D44005C3184 /* AppDelegate.swift */,
				01AB10CA1F778D44005C3184 /* ViewController.swift */,
				01AB10CC1F778D44005C3184 /* Main.storyboard */,
				01AB10CF1F778D44005C3184 /* Assets.xcassets */,
				01AB10D11F778D44005C3184 /* LaunchScreen.storyboard */,
				01AB10D41F778D44005C3184 /* Info.plist */,
			);
			path = meanmediandetective;
			sourceTree = "<group>";
		};
/* End PBXGroup section */

/* Begin PBXNativeTarget section */
		01AB10C41F778D44005C3184 /* meanmediandetective */ = {
			isa = PBXNativeTarget;
			buildConfigurationList = 01AB10D71F778D44005C3184 /* Build configuration list for PBXNativeTarget "meanmediandetective" */;
			buildPhases = (
				01AB10C11F778D44005C3184 /* Sources */,
				01AB10C21F778D44005C3184 /* Frameworks */,
				01AB10C31F778D44005C3184 /* Resources */,
			);
			buildRules = (
			);
			dependencies = (
			);
			name = meanmediandetective;
			productName = meanmediandetective;
			productReference = 01AB10C51F778D44005C3184 /* meanmediandetective.app */;
			productType = "com.apple.product-type.application";
		};
/* End PBXNativeTarget section */

/* Begin PBXProject section */
		01AB10BD1F778D44005C3184 /* Project object */ = {
			isa = PBXProject;
			attributes = {
				LastSwiftUpdateCheck = 0900;
				LastUpgradeCheck = 0900;
				ORGANIZATIONNAME = "Tanmay Bakshi";
				TargetAttributes = {
					01AB10C41F778D44005C3184 = {
						CreatedOnToolsVersion = 9.0;
					};
				};
			};
			buildConfigurationList = 01AB10C01F778D44005C3184 /* Build configuration list for PBXProject "meanmediandetective" */;
			compatibilityVersion = "Xcode 8.0";
			developmentRegion = en;
			hasScannedForEncodings = 0;
			knownRegions = (
				en,
				Base,
			);
			mainGroup = 01AB10BC1F778D44005C3184;
			productRefGroup = 01AB10C61F778D44005C3184 /* Products */;
			projectDirPath = "";
			projectRoot = "";
			targets = (
				01AB10C41F778D44005C3184 /* meanmediandetective */,
			);
		};
/* End PBXProject section */

/* Begin PBXResourcesBuildPhase section */
		01AB10C31F778D44005C3184 /* Resources */ = {
			isa = PBXResourcesBuildPhase;
			buildActionMask = 2147483647;
			files = (
				01AB10D31F778D44005C3184 /* LaunchScreen.storyboard in Resources */,
				01AB10D01F778D44005C3184 /* Assets.xcassets in Resources */,
				01AB10CE1F778D44005C3184 /* Main.storyboard in Resources */,
			);
			runOnlyForDeploymentPostprocessing = 0;
		};
/* End PBXResourcesBuildPhase section */

/* Begin PBXSourcesBuildPhase section */
		01AB10C11F778D44005C3184 /* Sources */ = {
			isa = PBXSourcesBuildPhase;
			buildActionMask = 2147483647;
			files = (
				01AB10CB1F778D44005C3184 /* ViewController.swift in Sources */,
				01AB10C91F778D44005C3184 /* AppDelegate.swift in Sources */,
			);
			runOnlyForDeploymentPostprocessing = 0;
		};
/* End PBXSourcesBuildPhase section */

/* Begin PBXVariantGroup section */
		01AB10CC1F778D44005C3184 /* Main.storyboard */ = {
			isa = PBXVariantGroup;
			children = (
				01AB10CD1F778D44005C3184 /* Base */,
			);
			name = Main.storyboard;
			sourceTree = "<group>";
		};
		01AB10D11F778D44005C3184 /* LaunchScreen.storyboard */ = {
			isa = PBXVariantGroup;
			children = (
				01AB10D21F778D44005C3184 /* Base */,
			);
			name = LaunchScreen.storyboard;
			sourceTree = "<group>";
		};
/* End PBXVariantGroup section */

/* Begin XCBuildConfiguration section */
		01AB10D51F778D44005C3184 /* Debug */ = {
			isa = XCBuildConfiguration;
			buildSettings = {
				ALWAYS_SEARCH_USER_PATHS = NO;
				CLANG_ANALYZER_NONNULL = YES;
				CLANG_ANALYZER_NUMBER_OBJECT_CONVERSION = YES_AGGRESSIVE;
				CLANG_CXX_LANGUAGE_STANDARD = "gnu++14";
				CLANG_CXX_LIBRARY = "libc++";
				CLANG_ENABLE_MODULES = YES;
				CLANG_ENABLE_OBJC_ARC = YES;
				CLANG_WARN_BLOCK_CAPTURE_AUTORELEASING = YES;
				CLANG_WARN_BOOL_CONVERSION = YES;
				CLANG_WARN_COMMA = YES;
				CLANG_WARN_CONSTANT_CONVERSION = YES;
				CLANG_WARN_DIRECT_OBJC_ISA_USAGE = YES_ERROR;
				CLANG_WARN_DOCUMENTATION_COMMENTS = YES;
				CLANG_WARN_EMPTY_BODY = YES;
				CLANG_WARN_ENUM_CONVERSION = YES;
				CLANG_WARN_INFINITE_RECURSION = YES;
				CLANG_WARN_INT_CONVERSION = YES;
				CLANG_WARN_OBJC_ROOT_CLASS = YES_ERROR;
				CLANG_WARN_RANGE_LOOP_ANALYSIS = YES;
				CLANG_WARN_STRICT_PROTOTYPES = YES;
				CLANG_WARN_SUSPICIOUS_MOVE = YES;
				CLANG_WARN_UNGUARDED_AVAILABILITY = YES_AGGRESSIVE;
				CLANG_WARN_UNREACHABLE_CODE = YES;
				CLANG_WARN__DUPLICATE_METHOD_MATCH = YES;
				CODE_SIGN_IDENTITY = "iPhone Developer";
				COPY_PHASE_STRIP = NO;
				DEBUG_INFORMATION_FORMAT = dwarf;
				ENABLE_STRICT_OBJC_MSGSEND = YES;
				ENABLE_TESTABILITY = YES;
				GCC_C_LANGUAGE_STANDARD = gnu11;
				GCC_DYNAMIC_NO_PIC = NO;
				GCC_NO_COMMON_BLOCKS = YES;
				GCC_OPTIMIZATION_LEVEL = 0;
				GCC_PREPROCESSOR_DEFINITIONS = (
					"DEBUG=1",
					"$(inherited)",
				);
				GCC_WARN_64_TO_32_BIT_CONVERSION = YES;
				GCC_WARN_ABOUT_RETURN_TYPE = YES_ERROR;
				GCC_WARN_UNDECLARED_SELECTOR = YES;
				GCC_WARN_UNINITIALIZED_AUTOS = YES_AGGRESSIVE;
				GCC_WARN_UNUSED_FUNCTION = YES;
				GCC_WARN_UNUSED_VARIABLE = YES;
				IPHONEOS_DEPLOYMENT_TARGET = 11.0;
				MTL_ENABLE_DEBUG_INFO = YES;
				ONLY_ACTIVE_ARCH = YES;
				SDKROOT = iphoneos;
				SWIFT_ACTIVE_COMPILATION_CONDITIONS = DEBUG;
				SWIFT_OPTIMIZATION_LEVEL = "-Onone";
			};
			name = Debug;
		};
		01AB10D61F778D44005C3184 /* Release */ = {
			isa = XCBuildConfiguration;
			buildSettings = {
				ALWAYS_SEARCH_USER_PATHS = NO;
				CLANG_ANALYZER_NONNULL = YES;
				CLANG_ANALYZER_NUMBER_OBJECT_CONVERSION = YES_AGGRESSIVE;
				CLANG_CXX_LANGUAGE_STANDARD = "gnu++14";
				CLANG_CXX_LIBRARY = "libc++";
				CLANG_ENABLE_MODULES = YES;
				CLANG_ENABLE_OBJC_ARC = YES;
				CLANG_WARN_BLOCK_CAPTURE_AUTORELEASING = YES;
				CLANG_WARN_BOOL_CONVERSION = YES;
				CLANG_WARN_COMMA = YES;
				CLANG_WARN_CONSTANT_CONVERSION = YES;
				CLANG_WARN_DIRECT_OBJC_ISA_USAGE = YES_ERROR;
				CLANG_WARN_DOCUMENTATION_COMMENTS = YES;
				CLANG_WARN_EMPTY_BODY = YES;
				CLANG_WARN_ENUM_CONVERSION = YES;
				CLANG_WARN_INFINITE_RECURSION = YES;
				CLANG_WARN_INT_CONVERSION = YES;
				CLANG_WARN_OBJC_ROOT_CLASS = YES_ERROR;
				CLANG_WARN_RANGE_LOOP_ANALYSIS = YES;
				CLANG_WARN_STRICT_PROTOTYPES = YES;
				CLANG_WARN_SUSPICIOUS_MOVE = YES;
				CLANG_WARN_UNGUARDED_AVAILABILITY = YES_AGGRESSIVE;
				CLANG_WARN_UNREACHABLE_CODE = YES;
				CLANG_WARN__DUPLICATE_METHOD_MATCH = YES;
				CODE_SIGN_IDENTITY = "iPhone Developer";
				COPY_PHASE_STRIP = NO;
				DEBUG_INFORMATION_FORMAT = "dwarf-with-dsym";
				ENABLE_NS_ASSERTIONS = NO;
				ENABLE_STRICT_OBJC_MSGSEND = YES;
				GCC_C_LANGUAGE_STANDARD = gnu11;
				GCC_NO_COMMON_BLOCKS = YES;
				GCC_WARN_64_TO_32_BIT_CONVERSION = YES;
				GCC_WARN_ABOUT_RETURN_TYPE = YES_ERROR;
				GCC_WARN_UNDECLARED_SELECTOR = YES;
				GCC_WARN_UNINITIALIZED_AUTOS = YES_AGGRESSIVE;
				GCC_WARN_UNUSED_FUNCTION = YES;
				GCC_WARN_UNUSED_VARIABLE = YES;
				IPHONEOS_DEPLOYMENT_TARGET = 11.0;
				MTL_ENABLE_DEBUG_INFO = NO;
				SDKROOT = iphoneos;
				SWIFT_OPTIMIZATION_LEVEL = "-Owholemodule";
				VALIDATE_PRODUCT = YES;
			};
			name = Release;
		};
		01AB10D81F778D44005C3184 /* Debug */ = {
			isa = XCBuildConfiguration;
			buildSettings = {
				ASSETCATALOG_COMPILER_APPICON_NAME = AppIcon;
				DEVELOPMENT_TEAM = 998XWVFVMR;
				INFOPLIST_FILE = meanmediandetective/Info.plist;
				LD_RUNPATH_SEARCH_PATHS = "$(inherited) @executable_path/Frameworks";
				PRODUCT_BUNDLE_IDENTIFIER = TBSS.meanmediandetective;
				PRODUCT_NAME = "$(TARGET_NAME)";
				SWIFT_VERSION = 4.0;
				TARGETED_DEVICE_FAMILY = "1,2";
			};
			name = Debug;
		};
		01AB10D91F778D44005C3184 /* Release */ = {
			isa = XCBuildConfiguration;
			buildSettings = {
				ASSETCATALOG_COMPILER_APPICON_NAME = AppIcon;
				DEVELOPMENT_TEAM = 998XWVFVMR;
				INFOPLIST_FILE = meanmediandetective/Info.plist;
				LD_RUNPATH_SEARCH_PATHS = "$(inherited) @executable_path/Frameworks";
				PRODUCT_BUNDLE_IDENTIFIER = TBSS.meanmediandetective;
				PRODUCT_NAME = "$(TARGET_NAME)";
				SWIFT_VERSION = 4.0;
				TARGETED_DEVICE_FAMILY = "1,2";
			};
			name = Release;
		};
/* End XCBuildConfiguration section */

/* Begin XCConfigurationList section */
		01AB10C01F778D44005C3184 /* Build configuration list for PBXProject "meanmediandetective" */ = {
			isa = XCConfigurationList;
			buildConfigurations = (
				01AB10D51F778D44005C3184 /* Debug */,
				01AB10D61F778D44005C3184 /* Release */,
			);
			defaultConfigurationIsVisible = 0;
			defaultConfigurationName = Release;
		};
		01AB10D71F778D44005C3184 /* Build configuration list for PBXNativeTarget "meanmediandetective" */ = {
			isa = XCConfigurationList;
			buildConfigurations = (
				01AB10D81F778D44005C3184 /* Debug */,
				01AB10D91F778D44005C3184 /* Release */,
			);
			defaultConfigurationIsVisible = 0;
		};
/* End XCConfigurationList section */
	};
	rootObject = 01AB10BD1F778D44005C3184 /* Project object */;
}
