// !$*UTF8*$!
{
	archiveVersion = 1;
	classes = {
	};
	objectVersion = 46;
	objects = {

/* Begin PBXBuildFile section */
		01B29DD31C09039800556765 /* AppDelegate.swift in Sources */ = {isa = PBXBuildFile; fileRef = 01B29DD21C09039800556765 /* AppDelegate.swift */; };
		01B29DD51C09039800556765 /* ViewController.swift in Sources */ = {isa = PBXBuildFile; fileRef = 01B29DD41C09039800556765 /* ViewController.swift */; };
		01B29DD81C09039800556765 /* Main.storyboard in Resources */ = {isa = PBXBuildFile; fileRef = 01B29DD61C09039800556765 /* Main.storyboard */; };
		01B29DDA1C09039800556765 /* Assets.xcassets in Resources */ = {isa = PBXBuildFile; fileRef = 01B29DD91C09039800556765 /* Assets.xcassets */; };
		01B29DDD1C09039800556765 /* LaunchScreen.storyboard in Resources */ = {isa = PBXBuildFile; fileRef = 01B29DDB1C09039800556765 /* LaunchScreen.storyboard */; };
/* End PBXBuildFile section */

/* Begin PBXFileReference section */
		01B29DCF1C09039800556765 /* Chapter5_WhichNumberIsBigger.app */ = {isa = PBXFileReference; explicitFileType = wrapper.application; includeInIndex = 0; path = Chapter5_WhichNumberIsBigger.app; sourceTree = BUILT_PRODUCTS_DIR; };
		01B29DD21C09039800556765 /* AppDelegate.swift */ = {isa = PBXFileReference; lastKnownFileType = sourcecode.swift; path = AppDelegate.swift; sourceTree = "<group>"; };
		01B29DD41C09039800556765 /* ViewController.swift */ = {isa = PBXFileReference; lastKnownFileType = sourcecode.swift; path = ViewController.swift; sourceTree = "<group>"; };
		01B29DD71C09039800556765 /* Base */ = {isa = PBXFileReference; lastKnownFileType = file.storyboard; name = Base; path = Base.lproj/Main.storyboard; sourceTree = "<group>"; };
		01B29DD91C09039800556765 /* Assets.xcassets */ = {isa = PBXFileReference; lastKnownFileType = folder.assetcatalog; path = Assets.xcassets; sourceTree = "<group>"; };
		01B29DDC1C09039800556765 /* Base */ = {isa = PBXFileReference; lastKnownFileType = file.storyboard; name = Base; path = Base.lproj/LaunchScreen.storyboard; sourceTree = "<group>"; };
		01B29DDE1C09039800556765 /* Info.plist */ = {isa = PBXFileReference; lastKnownFileType = text.plist.xml; path = Info.plist; sourceTree = "<group>"; };
/* End PBXFileReference section */

/* Begin PBXFrameworksBuildPhase section */
		01B29DCC1C09039800556765 /* Frameworks */ = {
			isa = PBXFrameworksBuildPhase;
			buildActionMask = 2147483647;
			files = (
			);
			runOnlyForDeploymentPostprocessing = 0;
		};
/* End PBXFrameworksBuildPhase section */

/* Begin PBXGroup section */
		01B29DC61C09039800556765 = {
			isa = PBXGroup;
			children = (
				01B29DD11C09039800556765 /* Chapter5_WhichNumberIsBigger */,
				01B29DD01C09039800556765 /* Products */,
			);
			sourceTree = "<group>";
		};
		01B29DD01C09039800556765 /* Products */ = {
			isa = PBXGroup;
			children = (
				01B29DCF1C09039800556765 /* Chapter5_WhichNumberIsBigger.app */,
			);
			name = Products;
			sourceTree = "<group>";
		};
		01B29DD11C09039800556765 /* Chapter5_WhichNumberIsBigger */ = {
			isa = PBXGroup;
			children = (
				01B29DD21C09039800556765 /* AppDelegate.swift */,
				01B29DD41C09039800556765 /* ViewController.swift */,
				01B29DD61C09039800556765 /* Main.storyboard */,
				01B29DD91C09039800556765 /* Assets.xcassets */,
				01B29DDB1C09039800556765 /* LaunchScreen.storyboard */,
				01B29DDE1C09039800556765 /* Info.plist */,
			);
			path = Chapter5_WhichNumberIsBigger;
			sourceTree = "<group>";
		};
/* End PBXGroup section */

/* Begin PBXNativeTarget section */
		01B29DCE1C09039800556765 /* Chapter5_WhichNumberIsBigger */ = {
			isa = PBXNativeTarget;
			buildConfigurationList = 01B29DE11C09039800556765 /* Build configuration list for PBXNativeTarget "Chapter5_WhichNumberIsBigger" */;
			buildPhases = (
				01B29DCB1C09039800556765 /* Sources */,
				01B29DCC1C09039800556765 /* Frameworks */,
				01B29DCD1C09039800556765 /* Resources */,
			);
			buildRules = (
			);
			dependencies = (
			);
			name = Chapter5_WhichNumberIsBigger;
			productName = Chapter5_WhichNumberIsBigger;
			productReference = 01B29DCF1C09039800556765 /* Chapter5_WhichNumberIsBigger.app */;
			productType = "com.apple.product-type.application";
		};
/* End PBXNativeTarget section */

/* Begin PBXProject section */
		01B29DC71C09039800556765 /* Project object */ = {
			isa = PBXProject;
			attributes = {
				LastSwiftUpdateCheck = 0720;
				LastUpgradeCheck = 0720;
				ORGANIZATIONNAME = "Tanmay Bakshi";
				TargetAttributes = {
					01B29DCE1C09039800556765 = {
						CreatedOnToolsVersion = 7.2;
					};
				};
			};
			buildConfigurationList = 01B29DCA1C09039800556765 /* Build configuration list for PBXProject "Chapter5_WhichNumberIsBigger" */;
			compatibilityVersion = "Xcode 3.2";
			developmentRegion = English;
			hasScannedForEncodings = 0;
			knownRegions = (
				en,
				Base,
			);
			mainGroup = 01B29DC61C09039800556765;
			productRefGroup = 01B29DD01C09039800556765 /* Products */;
			projectDirPath = "";
			projectRoot = "";
			targets = (
				01B29DCE1C09039800556765 /* Chapter5_WhichNumberIsBigger */,
			);
		};
/* End PBXProject section */

/* Begin PBXResourcesBuildPhase section */
		01B29DCD1C09039800556765 /* Resources */ = {
			isa = PBXResourcesBuildPhase;
			buildActionMask = 2147483647;
			files = (
				01B29DDD1C09039800556765 /* LaunchScreen.storyboard in Resources */,
				01B29DDA1C09039800556765 /* Assets.xcassets in Resources */,
				01B29DD81C09039800556765 /* Main.storyboard in Resources */,
			);
			runOnlyForDeploymentPostprocessing = 0;
		};
/* End PBXResourcesBuildPhase section */

/* Begin PBXSourcesBuildPhase section */
		01B29DCB1C09039800556765 /* Sources */ = {
			isa = PBXSourcesBuildPhase;
			buildActionMask = 2147483647;
			files = (
				01B29DD51C09039800556765 /* ViewController.swift in Sources */,
				01B29DD31C09039800556765 /* AppDelegate.swift in Sources */,
			);
			runOnlyForDeploymentPostprocessing = 0;
		};
/* End PBXSourcesBuildPhase section */

/* Begin PBXVariantGroup section */
		01B29DD61C09039800556765 /* Main.storyboard */ = {
			isa = PBXVariantGroup;
			children = (
				01B29DD71C09039800556765 /* Base */,
			);
			name = Main.storyboard;
			sourceTree = "<group>";
		};
		01B29DDB1C09039800556765 /* LaunchScreen.storyboard */ = {
			isa = PBXVariantGroup;
			children = (
				01B29DDC1C09039800556765 /* Base */,
			);
			name = LaunchScreen.storyboard;
			sourceTree = "<group>";
		};
/* End PBXVariantGroup section */

/* Begin XCBuildConfiguration section */
		01B29DDF1C09039800556765 /* Debug */ = {
			isa = XCBuildConfiguration;
			buildSettings = {
				ALWAYS_SEARCH_USER_PATHS = NO;
				CLANG_CXX_LANGUAGE_STANDARD = "gnu++0x";
				CLANG_CXX_LIBRARY = "libc++";
				CLANG_ENABLE_MODULES = YES;
				CLANG_ENABLE_OBJC_ARC = YES;
				CLANG_WARN_BOOL_CONVERSION = YES;
				CLANG_WARN_CONSTANT_CONVERSION = YES;
				CLANG_WARN_DIRECT_OBJC_ISA_USAGE = YES_ERROR;
				CLANG_WARN_EMPTY_BODY = YES;
				CLANG_WARN_ENUM_CONVERSION = YES;
				CLANG_WARN_INT_CONVERSION = YES;
				CLANG_WARN_OBJC_ROOT_CLASS = YES_ERROR;
				CLANG_WARN_UNREACHABLE_CODE = YES;
				CLANG_WARN__DUPLICATE_METHOD_MATCH = YES;
				"CODE_SIGN_IDENTITY[sdk=iphoneos*]" = "iPhone Developer";
				COPY_PHASE_STRIP = NO;
				DEBUG_INFORMATION_FORMAT = dwarf;
				ENABLE_STRICT_OBJC_MSGSEND = YES;
				ENABLE_TESTABILITY = YES;
				GCC_C_LANGUAGE_STANDARD = gnu99;
				GCC_DYNAMIC_NO_PIC = NO;
				GCC_NO_COMMON_BLOCKS = YES;
				GCC_OPTIMIZATION_LEVEL = 0;
				GCC_PREPROCESSOR_DEFINITIONS = (
					"DEBUG=1",
					"$(inherited)",
				);
				GCC_WARN_64_TO_32_BIT_CONVERSION = YES;
				GCC_WARN_ABOUT_RETURN_TYPE = YES_ERROR;
				GCC_WARN_UNDECLARED_SELECTOR = YES;
				GCC_WARN_UNINITIALIZED_AUTOS = YES_AGGRESSIVE;
				GCC_WARN_UNUSED_FUNCTION = YES;
				GCC_WARN_UNUSED_VARIABLE = YES;
				IPHONEOS_DEPLOYMENT_TARGET = 9.2;
				MTL_ENABLE_DEBUG_INFO = YES;
				ONLY_ACTIVE_ARCH = YES;
				SDKROOT = iphoneos;
				SWIFT_OPTIMIZATION_LEVEL = "-Onone";
			};
			name = Debug;
		};
		01B29DE01C09039800556765 /* Release */ = {
			isa = XCBuildConfiguration;
			buildSettings = {
				ALWAYS_SEARCH_USER_PATHS = NO;
				CLANG_CXX_LANGUAGE_STANDARD = "gnu++0x";
				CLANG_CXX_LIBRARY = "libc++";
				CLANG_ENABLE_MODULES = YES;
				CLANG_ENABLE_OBJC_ARC = YES;
				CLANG_WARN_BOOL_CONVERSION = YES;
				CLANG_WARN_CONSTANT_CONVERSION = YES;
				CLANG_WARN_DIRECT_OBJC_ISA_USAGE = YES_ERROR;
				CLANG_WARN_EMPTY_BODY = YES;
				CLANG_WARN_ENUM_CONVERSION = YES;
				CLANG_WARN_INT_CONVERSION = YES;
				CLANG_WARN_OBJC_ROOT_CLASS = YES_ERROR;
				CLANG_WARN_UNREACHABLE_CODE = YES;
				CLANG_WARN__DUPLICATE_METHOD_MATCH = YES;
				"CODE_SIGN_IDENTITY[sdk=iphoneos*]" = "iPhone Developer";
				COPY_PHASE_STRIP = NO;
				DEBUG_INFORMATION_FORMAT = "dwarf-with-dsym";
				ENABLE_NS_ASSERTIONS = NO;
				ENABLE_STRICT_OBJC_MSGSEND = YES;
				GCC_C_LANGUAGE_STANDARD = gnu99;
				GCC_NO_COMMON_BLOCKS = YES;
				GCC_WARN_64_TO_32_BIT_CONVERSION = YES;
				GCC_WARN_ABOUT_RETURN_TYPE = YES_ERROR;
				GCC_WARN_UNDECLARED_SELECTOR = YES;
				GCC_WARN_UNINITIALIZED_AUTOS = YES_AGGRESSIVE;
				GCC_WARN_UNUSED_FUNCTION = YES;
				GCC_WARN_UNUSED_VARIABLE = YES;
				IPHONEOS_DEPLOYMENT_TARGET = 9.2;
				MTL_ENABLE_DEBUG_INFO = NO;
				SDKROOT = iphoneos;
				VALIDATE_PRODUCT = YES;
			};
			name = Release;
		};
		01B29DE21C09039800556765 /* Debug */ = {
			isa = XCBuildConfiguration;
			buildSettings = {
				ASSETCATALOG_COMPILER_APPICON_NAME = AppIcon;
				INFOPLIST_FILE = Chapter5_WhichNumberIsBigger/Info.plist;
				LD_RUNPATH_SEARCH_PATHS = "$(inherited) @executable_path/Frameworks";
				PRODUCT_BUNDLE_IDENTIFIER = "TBSS.Chapter5-WhichNumberIsBigger";
				PRODUCT_NAME = "$(TARGET_NAME)";
				SWIFT_VERSION = 4.0;
			};
			name = Debug;
		};
		01B29DE31C09039800556765 /* Release */ = {
			isa = XCBuildConfiguration;
			buildSettings = {
				ASSETCATALOG_COMPILER_APPICON_NAME = AppIcon;
				INFOPLIST_FILE = Chapter5_WhichNumberIsBigger/Info.plist;
				LD_RUNPATH_SEARCH_PATHS = "$(inherited) @executable_path/Frameworks";
				PRODUCT_BUNDLE_IDENTIFIER = "TBSS.Chapter5-WhichNumberIsBigger";
				PRODUCT_NAME = "$(TARGET_NAME)";
				SWIFT_VERSION = 4.0;
			};
			name = Release;
		};
/* End XCBuildConfiguration section */

/* Begin XCConfigurationList section */
		01B29DCA1C09039800556765 /* Build configuration list for PBXProject "Chapter5_WhichNumberIsBigger" */ = {
			isa = XCConfigurationList;
			buildConfigurations = (
				01B29DDF1C09039800556765 /* Debug */,
				01B29DE01C09039800556765 /* Release */,
			);
			defaultConfigurationIsVisible = 0;
			defaultConfigurationName = Release;
		};
		01B29DE11C09039800556765 /* Build configuration list for PBXNativeTarget "Chapter5_WhichNumberIsBigger" */ = {
			isa = XCConfigurationList;
			buildConfigurations = (
				01B29DE21C09039800556765 /* Debug */,
				01B29DE31C09039800556765 /* Release */,
			);
			defaultConfigurationIsVisible = 0;
			defaultConfigurationName = Release;
		};
/* End XCConfigurationList section */
	};
	rootObject = 01B29DC71C09039800556765 /* Project object */;
}
