// !$*UTF8*$!
{
	archiveVersion = 1;
	classes = {
	};
	objectVersion = 46;
	objects = {

/* Begin PBXBuildFile section */
		CDFE13261D9B95A60049482F /* AppDelegate.swift in Sources */ = {isa = PBXBuildFile; fileRef = CDFE13251D9B95A60049482F /* AppDelegate.swift */; };
		CDFE13281D9B95A60049482F /* ViewController.swift in Sources */ = {isa = PBXBuildFile; fileRef = CDFE13271D9B95A60049482F /* ViewController.swift */; };
		CDFE132B1D9B95A60049482F /* Main.storyboard in Resources */ = {isa = PBXBuildFile; fileRef = CDFE13291D9B95A60049482F /* Main.storyboard */; };
		CDFE132D1D9B95A60049482F /* Assets.xcassets in Resources */ = {isa = PBXBuildFile; fileRef = CDFE132C1D9B95A60049482F /* Assets.xcassets */; };
		CDFE13301D9B95A60049482F /* LaunchScreen.storyboard in Resources */ = {isa = PBXBuildFile; fileRef = CDFE132E1D9B95A60049482F /* LaunchScreen.storyboard */; };
/* End PBXBuildFile section */

/* Begin PBXFileReference section */
		CDFE13221D9B95A60049482F /* 10NumberSorter.app */ = {isa = PBXFileReference; explicitFileType = wrapper.application; includeInIndex = 0; path = 10NumberSorter.app; sourceTree = BUILT_PRODUCTS_DIR; };
		CDFE13251D9B95A60049482F /* AppDelegate.swift */ = {isa = PBXFileReference; lastKnownFileType = sourcecode.swift; path = AppDelegate.swift; sourceTree = "<group>"; };
		CDFE13271D9B95A60049482F /* ViewController.swift */ = {isa = PBXFileReference; lastKnownFileType = sourcecode.swift; path = ViewController.swift; sourceTree = "<group>"; };
		CDFE132A1D9B95A60049482F /* Base */ = {isa = PBXFileReference; lastKnownFileType = file.storyboard; name = Base; path = Base.lproj/Main.storyboard; sourceTree = "<group>"; };
		CDFE132C1D9B95A60049482F /* Assets.xcassets */ = {isa = PBXFileReference; lastKnownFileType = folder.assetcatalog; path = Assets.xcassets; sourceTree = "<group>"; };
		CDFE132F1D9B95A60049482F /* Base */ = {isa = PBXFileReference; lastKnownFileType = file.storyboard; name = Base; path = Base.lproj/LaunchScreen.storyboard; sourceTree = "<group>"; };
		CDFE13311D9B95A60049482F /* Info.plist */ = {isa = PBXFileReference; lastKnownFileType = text.plist.xml; path = Info.plist; sourceTree = "<group>"; };
/* End PBXFileReference section */

/* Begin PBXFrameworksBuildPhase section */
		CDFE131F1D9B95A60049482F /* Frameworks */ = {
			isa = PBXFrameworksBuildPhase;
			buildActionMask = 2147483647;
			files = (
			);
			runOnlyForDeploymentPostprocessing = 0;
		};
/* End PBXFrameworksBuildPhase section */

/* Begin PBXGroup section */
		CDFE13191D9B95A60049482F = {
			isa = PBXGroup;
			children = (
				CDFE13241D9B95A60049482F /* 10NumberSorter */,
				CDFE13231D9B95A60049482F /* Products */,
			);
			sourceTree = "<group>";
		};
		CDFE13231D9B95A60049482F /* Products */ = {
			isa = PBXGroup;
			children = (
				CDFE13221D9B95A60049482F /* 10NumberSorter.app */,
			);
			name = Products;
			sourceTree = "<group>";
		};
		CDFE13241D9B95A60049482F /* 10NumberSorter */ = {
			isa = PBXGroup;
			children = (
				CDFE13251D9B95A60049482F /* AppDelegate.swift */,
				CDFE13271D9B95A60049482F /* ViewController.swift */,
				CDFE13291D9B95A60049482F /* Main.storyboard */,
				CDFE132C1D9B95A60049482F /* Assets.xcassets */,
				CDFE132E1D9B95A60049482F /* LaunchScreen.storyboard */,
				CDFE13311D9B95A60049482F /* Info.plist */,
			);
			path = 10NumberSorter;
			sourceTree = "<group>";
		};
/* End PBXGroup section */

/* Begin PBXNativeTarget section */
		CDFE13211D9B95A60049482F /* 10NumberSorter */ = {
			isa = PBXNativeTarget;
			buildConfigurationList = CDFE13341D9B95A60049482F /* Build configuration list for PBXNativeTarget "10NumberSorter" */;
			buildPhases = (
				CDFE131E1D9B95A60049482F /* Sources */,
				CDFE131F1D9B95A60049482F /* Frameworks */,
				CDFE13201D9B95A60049482F /* Resources */,
			);
			buildRules = (
			);
			dependencies = (
			);
			name = 10NumberSorter;
			productName = 10NumberSorter;
			productReference = CDFE13221D9B95A60049482F /* 10NumberSorter.app */;
			productType = "com.apple.product-type.application";
		};
/* End PBXNativeTarget section */

/* Begin PBXProject section */
		CDFE131A1D9B95A60049482F /* Project object */ = {
			isa = PBXProject;
			attributes = {
				LastSwiftUpdateCheck = 0800;
				LastUpgradeCheck = 0800;
				ORGANIZATIONNAME = "Puneet Bakshi";
				TargetAttributes = {
					CDFE13211D9B95A60049482F = {
						CreatedOnToolsVersion = 8.0;
						DevelopmentTeam = 998XWVFVMR;
						LastSwiftMigration = 0900;
						ProvisioningStyle = Automatic;
					};
				};
			};
			buildConfigurationList = CDFE131D1D9B95A60049482F /* Build configuration list for PBXProject "10NumberSorter" */;
			compatibilityVersion = "Xcode 3.2";
			developmentRegion = English;
			hasScannedForEncodings = 0;
			knownRegions = (
				en,
				Base,
			);
			mainGroup = CDFE13191D9B95A60049482F;
			productRefGroup = CDFE13231D9B95A60049482F /* Products */;
			projectDirPath = "";
			projectRoot = "";
			targets = (
				CDFE13211D9B95A60049482F /* 10NumberSorter */,
			);
		};
/* End PBXProject section */

/* Begin PBXResourcesBuildPhase section */
		CDFE13201D9B95A60049482F /* Resources */ = {
			isa = PBXResourcesBuildPhase;
			buildActionMask = 2147483647;
			files = (
				CDFE13301D9B95A60049482F /* LaunchScreen.storyboard in Resources */,
				CDFE132D1D9B95A60049482F /* Assets.xcassets in Resources */,
				CDFE132B1D9B95A60049482F /* Main.storyboard in Resources */,
			);
			runOnlyForDeploymentPostprocessing = 0;
		};
/* End PBXResourcesBuildPhase section */

/* Begin PBXSourcesBuildPhase section */
		CDFE131E1D9B95A60049482F /* Sources */ = {
			isa = PBXSourcesBuildPhase;
			buildActionMask = 2147483647;
			files = (
				CDFE13281D9B95A60049482F /* ViewController.swift in Sources */,
				CDFE13261D9B95A60049482F /* AppDelegate.swift in Sources */,
			);
			runOnlyForDeploymentPostprocessing = 0;
		};
/* End PBXSourcesBuildPhase section */

/* Begin PBXVariantGroup section */
		CDFE13291D9B95A60049482F /* Main.storyboard */ = {
			isa = PBXVariantGroup;
			children = (
				CDFE132A1D9B95A60049482F /* Base */,
			);
			name = Main.storyboard;
			sourceTree = "<group>";
		};
		CDFE132E1D9B95A60049482F /* LaunchScreen.storyboard */ = {
			isa = PBXVariantGroup;
			children = (
				CDFE132F1D9B95A60049482F /* Base */,
			);
			name = LaunchScreen.storyboard;
			sourceTree = "<group>";
		};
/* End PBXVariantGroup section */

/* Begin XCBuildConfiguration section */
		CDFE13321D9B95A60049482F /* Debug */ = {
			isa = XCBuildConfiguration;
			buildSettings = {
				ALWAYS_SEARCH_USER_PATHS = NO;
				CLANG_ANALYZER_NONNULL = YES;
				CLANG_CXX_LANGUAGE_STANDARD = "gnu++0x";
				CLANG_CXX_LIBRARY = "libc++";
				CLANG_ENABLE_MODULES = YES;
				CLANG_ENABLE_OBJC_ARC = YES;
				CLANG_WARN_BOOL_CONVERSION = YES;
				CLANG_WARN_CONSTANT_CONVERSION = YES;
				CLANG_WARN_DIRECT_OBJC_ISA_USAGE = YES_ERROR;
				CLANG_WARN_DOCUMENTATION_COMMENTS = YES;
				CLANG_WARN_EMPTY_BODY = YES;
				CLANG_WARN_ENUM_CONVERSION = YES;
				CLANG_WARN_INT_CONVERSION = YES;
				CLANG_WARN_OBJC_ROOT_CLASS = YES_ERROR;
				CLANG_WARN_UNREACHABLE_CODE = YES;
				CLANG_WARN__DUPLICATE_METHOD_MATCH = YES;
				"CODE_SIGN_IDENTITY[sdk=iphoneos*]" = "iPhone Developer";
				COPY_PHASE_STRIP = NO;
				DEBUG_INFORMATION_FORMAT = dwarf;
				ENABLE_STRICT_OBJC_MSGSEND = YES;
				ENABLE_TESTABILITY = YES;
				GCC_C_LANGUAGE_STANDARD = gnu99;
				GCC_DYNAMIC_NO_PIC = NO;
				GCC_NO_COMMON_BLOCKS = YES;
				GCC_OPTIMIZATION_LEVEL = 0;
				GCC_PREPROCESSOR_DEFINITIONS = (
					"DEBUG=1",
					"$(inherited)",
				);
				GCC_WARN_64_TO_32_BIT_CONVERSION = YES;
				GCC_WARN_ABOUT_RETURN_TYPE = YES_ERROR;
				GCC_WARN_UNDECLARED_SELECTOR = YES;
				GCC_WARN_UNINITIALIZED_AUTOS = YES_AGGRESSIVE;
				GCC_WARN_UNUSED_FUNCTION = YES;
				GCC_WARN_UNUSED_VARIABLE = YES;
				IPHONEOS_DEPLOYMENT_TARGET = 10.0;
				MTL_ENABLE_DEBUG_INFO = YES;
				ONLY_ACTIVE_ARCH = YES;
				SDKROOT = iphoneos;
				SWIFT_ACTIVE_COMPILATION_CONDITIONS = DEBUG;
				SWIFT_OPTIMIZATION_LEVEL = "-Onone";
			};
			name = Debug;
		};
		CDFE13331D9B95A60049482F /* Release */ = {
			isa = XCBuildConfiguration;
			buildSettings = {
				ALWAYS_SEARCH_USER_PATHS = NO;
				CLANG_ANALYZER_NONNULL = YES;
				CLANG_CXX_LANGUAGE_STANDARD = "gnu++0x";
				CLANG_CXX_LIBRARY = "libc++";
				CLANG_ENABLE_MODULES = YES;
				CLANG_ENABLE_OBJC_ARC = YES;
				CLANG_WARN_BOOL_CONVERSION = YES;
				CLANG_WARN_CONSTANT_CONVERSION = YES;
				CLANG_WARN_DIRECT_OBJC_ISA_USAGE = YES_ERROR;
				CLANG_WARN_DOCUMENTATION_COMMENTS = YES;
				CLANG_WARN_EMPTY_BODY = YES;
				CLANG_WARN_ENUM_CONVERSION = YES;
				CLANG_WARN_INT_CONVERSION = YES;
				CLANG_WARN_OBJC_ROOT_CLASS = YES_ERROR;
				CLANG_WARN_UNREACHABLE_CODE = YES;
				CLANG_WARN__DUPLICATE_METHOD_MATCH = YES;
				"CODE_SIGN_IDENTITY[sdk=iphoneos*]" = "iPhone Developer";
				COPY_PHASE_STRIP = NO;
				DEBUG_INFORMATION_FORMAT = "dwarf-with-dsym";
				ENABLE_NS_ASSERTIONS = NO;
				ENABLE_STRICT_OBJC_MSGSEND = YES;
				GCC_C_LANGUAGE_STANDARD = gnu99;
				GCC_NO_COMMON_BLOCKS = YES;
				GCC_WARN_64_TO_32_BIT_CONVERSION = YES;
				GCC_WARN_ABOUT_RETURN_TYPE = YES_ERROR;
				GCC_WARN_UNDECLARED_SELECTOR = YES;
				GCC_WARN_UNINITIALIZED_AUTOS = YES_AGGRESSIVE;
				GCC_WARN_UNUSED_FUNCTION = YES;
				GCC_WARN_UNUSED_VARIABLE = YES;
				IPHONEOS_DEPLOYMENT_TARGET = 10.0;
				MTL_ENABLE_DEBUG_INFO = NO;
				SDKROOT = iphoneos;
				SWIFT_OPTIMIZATION_LEVEL = "-Owholemodule";
				VALIDATE_PRODUCT = YES;
			};
			name = Release;
		};
		CDFE13351D9B95A60049482F /* Debug */ = {
			isa = XCBuildConfiguration;
			buildSettings = {
				ASSETCATALOG_COMPILER_APPICON_NAME = AppIcon;
				DEVELOPMENT_TEAM = 998XWVFVMR;
				INFOPLIST_FILE = 10NumberSorter/Info.plist;
				LD_RUNPATH_SEARCH_PATHS = "$(inherited) @executable_path/Frameworks";
				PRODUCT_BUNDLE_IDENTIFIER = "tbss.-0NumberSorter";
				PRODUCT_NAME = "$(TARGET_NAME)";
				SWIFT_VERSION = 4.0;
			};
			name = Debug;
		};
		CDFE13361D9B95A60049482F /* Release */ = {
			isa = XCBuildConfiguration;
			buildSettings = {
				ASSETCATALOG_COMPILER_APPICON_NAME = AppIcon;
				DEVELOPMENT_TEAM = 998XWVFVMR;
				INFOPLIST_FILE = 10NumberSorter/Info.plist;
				LD_RUNPATH_SEARCH_PATHS = "$(inherited) @executable_path/Frameworks";
				PRODUCT_BUNDLE_IDENTIFIER = "tbss.-0NumberSorter";
				PRODUCT_NAME = "$(TARGET_NAME)";
				SWIFT_VERSION = 4.0;
			};
			name = Release;
		};
/* End XCBuildConfiguration section */

/* Begin XCConfigurationList section */
		CDFE131D1D9B95A60049482F /* Build configuration list for PBXProject "10NumberSorter" */ = {
			isa = XCConfigurationList;
			buildConfigurations = (
				CDFE13321D9B95A60049482F /* Debug */,
				CDFE13331D9B95A60049482F /* Release */,
			);
			defaultConfigurationIsVisible = 0;
			defaultConfigurationName = Release;
		};
		CDFE13341D9B95A60049482F /* Build configuration list for PBXNativeTarget "10NumberSorter" */ = {
			isa = XCConfigurationList;
			buildConfigurations = (
				CDFE13351D9B95A60049482F /* Debug */,
				CDFE13361D9B95A60049482F /* Release */,
			);
			defaultConfigurationIsVisible = 0;
			defaultConfigurationName = Release;
		};
/* End XCConfigurationList section */
	};
	rootObject = CDFE131A1D9B95A60049482F /* Project object */;
}
